// !$*UTF8*$!
{
	archiveVersion = 1;
	classes = {
	};
	objectVersion = 46;
	objects = {

/* Begin PBXBuildFile section */
		5F48DAAA187F3C27003855A7 /* UIColor+Hex.m in Sources */ = {isa = PBXBuildFile; fileRef = 5F48DAA9187F3C27003855A7 /* UIColor+Hex.m */; };
		5FAFBADF18492E8D001CBFCC /* JMAPIExample.m in Sources */ = {isa = PBXBuildFile; fileRef = 5FAFBADE18492E8D001CBFCC /* JMAPIExample.m */; };
		5FAFBAE418492FAA001CBFCC /* JMExampleNavigationController.m in Sources */ = {isa = PBXBuildFile; fileRef = 5FAFBAE318492FAA001CBFCC /* JMExampleNavigationController.m */; };
		5FAFBAE718494044001CBFCC /* retry-icon.png in Resources */ = {isa = PBXBuildFile; fileRef = 5FAFBAE618494044001CBFCC /* retry-icon.png */; };
		5FAFBAE918494070001CBFCC /* cancel-icon.png in Resources */ = {isa = PBXBuildFile; fileRef = 5FAFBAE818494070001CBFCC /* cancel-icon.png */; };
		5FBE14F7184838AF00B46D4B /* Foundation.framework in Frameworks */ = {isa = PBXBuildFile; fileRef = 5FBE14F6184838AF00B46D4B /* Foundation.framework */; };
		5FBE14F9184838AF00B46D4B /* CoreGraphics.framework in Frameworks */ = {isa = PBXBuildFile; fileRef = 5FBE14F8184838AF00B46D4B /* CoreGraphics.framework */; };
		5FBE14FB184838AF00B46D4B /* UIKit.framework in Frameworks */ = {isa = PBXBuildFile; fileRef = 5FBE14FA184838AF00B46D4B /* UIKit.framework */; };
		5FBE1501184838AF00B46D4B /* InfoPlist.strings in Resources */ = {isa = PBXBuildFile; fileRef = 5FBE14FF184838AF00B46D4B /* InfoPlist.strings */; };
		5FBE1503184838AF00B46D4B /* main.m in Sources */ = {isa = PBXBuildFile; fileRef = 5FBE1502184838AF00B46D4B /* main.m */; };
		5FBE1507184838AF00B46D4B /* PAppDelegate.m in Sources */ = {isa = PBXBuildFile; fileRef = 5FBE1506184838AF00B46D4B /* PAppDelegate.m */; };
		5FBE150A184838B000B46D4B /* Main.storyboard in Resources */ = {isa = PBXBuildFile; fileRef = 5FBE1508184838B000B46D4B /* Main.storyboard */; };
		5FBE1510184838B000B46D4B /* JMSampleViewController.m in Sources */ = {isa = PBXBuildFile; fileRef = 5FBE150F184838B000B46D4B /* JMSampleViewController.m */; };
		5FBE1512184838B000B46D4B /* Images.xcassets in Resources */ = {isa = PBXBuildFile; fileRef = 5FBE1511184838B000B46D4B /* Images.xcassets */; };
		5FBE1519184838B000B46D4B /* XCTest.framework in Frameworks */ = {isa = PBXBuildFile; fileRef = 5FBE1518184838B000B46D4B /* XCTest.framework */; };
		5FBE151A184838B000B46D4B /* Foundation.framework in Frameworks */ = {isa = PBXBuildFile; fileRef = 5FBE14F6184838AF00B46D4B /* Foundation.framework */; };
		5FBE151B184838B000B46D4B /* UIKit.framework in Frameworks */ = {isa = PBXBuildFile; fileRef = 5FBE14FA184838AF00B46D4B /* UIKit.framework */; };
		5FBE1523184838B000B46D4B /* InfoPlist.strings in Resources */ = {isa = PBXBuildFile; fileRef = 5FBE1521184838B000B46D4B /* InfoPlist.strings */; };
		5FBE1525184838B000B46D4B /* JMUploadProgressNavigationControllerTests.m in Sources */ = {isa = PBXBuildFile; fileRef = 5FBE1524184838B000B46D4B /* JMUploadProgressNavigationControllerTests.m */; };
		5FBE1531184839F300B46D4B /* JMUploadProgressViewController.m in Sources */ = {isa = PBXBuildFile; fileRef = 5FBE1530184839F300B46D4B /* JMUploadProgressViewController.m */; };
		5FBE153518483B2A00B46D4B /* JMProgressView.m in Sources */ = {isa = PBXBuildFile; fileRef = 5FBE153418483B2A00B46D4B /* JMProgressView.m */; };
		5FBE153718485E9D00B46D4B /* EQdfPqB.jpg in Resources */ = {isa = PBXBuildFile; fileRef = 5FBE153618485E9D00B46D4B /* EQdfPqB.jpg */; };
		5FBE153A1849241200B46D4B /* JMTestViewController.m in Sources */ = {isa = PBXBuildFile; fileRef = 5FBE15391849241200B46D4B /* JMTestViewController.m */; };
		7DEC8B483E174C969DA38E9D /* libPods.a in Frameworks */ = {isa = PBXBuildFile; fileRef = 02205377F12347588B304FAA /* libPods.a */; };
/* End PBXBuildFile section */

/* Begin PBXContainerItemProxy section */
		5FBE151C184838B000B46D4B /* PBXContainerItemProxy */ = {
			isa = PBXContainerItemProxy;
			containerPortal = 5FBE14EB184838AE00B46D4B /* Project object */;
			proxyType = 1;
			remoteGlobalIDString = 5FBE14F2184838AF00B46D4B;
			remoteInfo = JMUploadProgressNavigationController;
		};
/* End PBXContainerItemProxy section */

/* Begin PBXFileReference section */
		02205377F12347588B304FAA /* libPods.a */ = {isa = PBXFileReference; explicitFileType = archive.ar; includeInIndex = 0; path = libPods.a; sourceTree = BUILT_PRODUCTS_DIR; };
		5F48DAA8187F3C27003855A7 /* UIColor+Hex.h */ = {isa = PBXFileReference; fileEncoding = 4; lastKnownFileType = sourcecode.c.h; path = "UIColor+Hex.h"; sourceTree = "<group>"; };
		5F48DAA9187F3C27003855A7 /* UIColor+Hex.m */ = {isa = PBXFileReference; fileEncoding = 4; lastKnownFileType = sourcecode.c.objc; path = "UIColor+Hex.m"; sourceTree = "<group>"; };
		5FAFBADD18492E8D001CBFCC /* JMAPIExample.h */ = {isa = PBXFileReference; fileEncoding = 4; lastKnownFileType = sourcecode.c.h; name = JMAPIExample.h; path = ../JMUploadProgressNavigationControllerExample/JMAPIExample.h; sourceTree = "<group>"; };
		5FAFBADE18492E8D001CBFCC /* JMAPIExample.m */ = {isa = PBXFileReference; fileEncoding = 4; lastKnownFileType = sourcecode.c.objc; name = JMAPIExample.m; path = ../JMUploadProgressNavigationControllerExample/JMAPIExample.m; sourceTree = "<group>"; };
		5FAFBAE218492FAA001CBFCC /* JMExampleNavigationController.h */ = {isa = PBXFileReference; fileEncoding = 4; lastKnownFileType = sourcecode.c.h; name = JMExampleNavigationController.h; path = ../JMUploadProgressNavigationControllerExample/JMExampleNavigationController.h; sourceTree = "<group>"; };
		5FAFBAE318492FAA001CBFCC /* JMExampleNavigationController.m */ = {isa = PBXFileReference; fileEncoding = 4; lastKnownFileType = sourcecode.c.objc; name = JMExampleNavigationController.m; path = ../JMUploadProgressNavigationControllerExample/JMExampleNavigationController.m; sourceTree = "<group>"; };
		5FAFBAE618494044001CBFCC /* retry-icon.png */ = {isa = PBXFileReference; lastKnownFileType = image.png; path = "retry-icon.png"; sourceTree = "<group>"; };
		5FAFBAE818494070001CBFCC /* cancel-icon.png */ = {isa = PBXFileReference; lastKnownFileType = image.png; path = "cancel-icon.png"; sourceTree = "<group>"; };
		5FBE14F3184838AF00B46D4B /* JMUploadProgressNavigationController.app */ = {isa = PBXFileReference; explicitFileType = wrapper.application; includeInIndex = 0; path = JMUploadProgressNavigationController.app; sourceTree = BUILT_PRODUCTS_DIR; };
		5FBE14F6184838AF00B46D4B /* Foundation.framework */ = {isa = PBXFileReference; lastKnownFileType = wrapper.framework; name = Foundation.framework; path = System/Library/Frameworks/Foundation.framework; sourceTree = SDKROOT; };
		5FBE14F8184838AF00B46D4B /* CoreGraphics.framework */ = {isa = PBXFileReference; lastKnownFileType = wrapper.framework; name = CoreGraphics.framework; path = System/Library/Frameworks/CoreGraphics.framework; sourceTree = SDKROOT; };
		5FBE14FA184838AF00B46D4B /* UIKit.framework */ = {isa = PBXFileReference; lastKnownFileType = wrapper.framework; name = UIKit.framework; path = System/Library/Frameworks/UIKit.framework; sourceTree = SDKROOT; };
		5FBE14FE184838AF00B46D4B /* JMUploadProgressNavigationController-Info.plist */ = {isa = PBXFileReference; lastKnownFileType = text.plist.xml; name = "JMUploadProgressNavigationController-Info.plist"; path = "../JMUploadProgressNavigationControllerExample/JMUploadProgressNavigationController-Info.plist"; sourceTree = "<group>"; };
		5FBE1500184838AF00B46D4B /* en */ = {isa = PBXFileReference; lastKnownFileType = text.plist.strings; name = en; path = en.lproj/InfoPlist.strings; sourceTree = "<group>"; };
		5FBE1502184838AF00B46D4B /* main.m */ = {isa = PBXFileReference; lastKnownFileType = sourcecode.c.objc; name = main.m; path = ../JMUploadProgressNavigationControllerExample/main.m; sourceTree = "<group>"; };
		5FBE1504184838AF00B46D4B /* JMUploadProgressNavigationController-Prefix.pch */ = {isa = PBXFileReference; lastKnownFileType = sourcecode.c.h; name = "JMUploadProgressNavigationController-Prefix.pch"; path = "../JMUploadProgressNavigationControllerExample/JMUploadProgressNavigationController-Prefix.pch"; sourceTree = "<group>"; };
		5FBE1505184838AF00B46D4B /* PAppDelegate.h */ = {isa = PBXFileReference; lastKnownFileType = sourcecode.c.h; name = PAppDelegate.h; path = JMUploadProgressNavigationControllerExample/PAppDelegate.h; sourceTree = SOURCE_ROOT; };
		5FBE1506184838AF00B46D4B /* PAppDelegate.m */ = {isa = PBXFileReference; lastKnownFileType = sourcecode.c.objc; name = PAppDelegate.m; path = ../JMUploadProgressNavigationControllerExample/PAppDelegate.m; sourceTree = "<group>"; };
		5FBE1509184838B000B46D4B /* Base */ = {isa = PBXFileReference; lastKnownFileType = file.storyboard; name = Base; path = Base.lproj/Main.storyboard; sourceTree = "<group>"; };
		5FBE150E184838B000B46D4B /* JMSampleViewController.h */ = {isa = PBXFileReference; lastKnownFileType = sourcecode.c.h; name = JMSampleViewController.h; path = ../JMUploadProgressNavigationControllerExample/JMSampleViewController.h; sourceTree = "<group>"; };
		5FBE150F184838B000B46D4B /* JMSampleViewController.m */ = {isa = PBXFileReference; lastKnownFileType = sourcecode.c.objc; name = JMSampleViewController.m; path = ../JMUploadProgressNavigationControllerExample/JMSampleViewController.m; sourceTree = "<group>"; };
		5FBE1511184838B000B46D4B /* Images.xcassets */ = {isa = PBXFileReference; lastKnownFileType = folder.assetcatalog; name = Images.xcassets; path = ../JMUploadProgressNavigationControllerExample/Images.xcassets; sourceTree = "<group>"; };
		5FBE1517184838B000B46D4B /* JMUploadProgressNavigationControllerTests.xctest */ = {isa = PBXFileReference; explicitFileType = wrapper.cfbundle; includeInIndex = 0; path = JMUploadProgressNavigationControllerTests.xctest; sourceTree = BUILT_PRODUCTS_DIR; };
		5FBE1518184838B000B46D4B /* XCTest.framework */ = {isa = PBXFileReference; lastKnownFileType = wrapper.framework; name = XCTest.framework; path = Library/Frameworks/XCTest.framework; sourceTree = DEVELOPER_DIR; };
		5FBE1520184838B000B46D4B /* JMUploadProgressNavigationControllerTests-Info.plist */ = {isa = PBXFileReference; lastKnownFileType = text.plist.xml; path = "JMUploadProgressNavigationControllerTests-Info.plist"; sourceTree = "<group>"; };
		5FBE1522184838B000B46D4B /* en */ = {isa = PBXFileReference; lastKnownFileType = text.plist.strings; name = en; path = en.lproj/InfoPlist.strings; sourceTree = "<group>"; };
		5FBE1524184838B000B46D4B /* JMUploadProgressNavigationControllerTests.m */ = {isa = PBXFileReference; lastKnownFileType = sourcecode.c.objc; path = JMUploadProgressNavigationControllerTests.m; sourceTree = "<group>"; };
		5FBE152F184839F300B46D4B /* JMUploadProgressViewController.h */ = {isa = PBXFileReference; fileEncoding = 4; lastKnownFileType = sourcecode.c.h; path = JMUploadProgressViewController.h; sourceTree = "<group>"; };
		5FBE1530184839F300B46D4B /* JMUploadProgressViewController.m */ = {isa = PBXFileReference; fileEncoding = 4; lastKnownFileType = sourcecode.c.objc; name = JMUploadProgressViewController.m; path = JMUploadProgressNavigationController/JMUploadProgressViewController.m; sourceTree = SOURCE_ROOT; };
		5FBE153318483B2A00B46D4B /* JMProgressView.h */ = {isa = PBXFileReference; fileEncoding = 4; lastKnownFileType = sourcecode.c.h; name = JMProgressView.h; path = JMUploadProgressNavigationController/JMProgressView.h; sourceTree = SOURCE_ROOT; };
		5FBE153418483B2A00B46D4B /* JMProgressView.m */ = {isa = PBXFileReference; fileEncoding = 4; lastKnownFileType = sourcecode.c.objc; name = JMProgressView.m; path = JMUploadProgressNavigationController/JMProgressView.m; sourceTree = SOURCE_ROOT; };
		5FBE153618485E9D00B46D4B /* EQdfPqB.jpg */ = {isa = PBXFileReference; lastKnownFileType = image.jpeg; name = EQdfPqB.jpg; path = ../JMUploadProgressNavigationControllerExample/EQdfPqB.jpg; sourceTree = "<group>"; };
		5FBE15381849241200B46D4B /* JMTestViewController.h */ = {isa = PBXFileReference; fileEncoding = 4; lastKnownFileType = sourcecode.c.h; name = JMTestViewController.h; path = ../JMUploadProgressNavigationControllerExample/JMTestViewController.h; sourceTree = "<group>"; };
		5FBE15391849241200B46D4B /* JMTestViewController.m */ = {isa = PBXFileReference; fileEncoding = 4; lastKnownFileType = sourcecode.c.objc; name = JMTestViewController.m; path = ../JMUploadProgressNavigationControllerExample/JMTestViewController.m; sourceTree = "<group>"; };
		A88522845B44436197E07E9A /* Pods.xcconfig */ = {isa = PBXFileReference; includeInIndex = 1; lastKnownFileType = text.xcconfig; name = Pods.xcconfig; path = Pods/Pods.xcconfig; sourceTree = "<group>"; };
/* End PBXFileReference section */

/* Begin PBXFrameworksBuildPhase section */
		5FBE14F0184838AF00B46D4B /* Frameworks */ = {
			isa = PBXFrameworksBuildPhase;
			buildActionMask = 2147483647;
			files = (
				5FBE14F9184838AF00B46D4B /* CoreGraphics.framework in Frameworks */,
				5FBE14FB184838AF00B46D4B /* UIKit.framework in Frameworks */,
				5FBE14F7184838AF00B46D4B /* Foundation.framework in Frameworks */,
				7DEC8B483E174C969DA38E9D /* libPods.a in Frameworks */,
			);
			runOnlyForDeploymentPostprocessing = 0;
		};
		5FBE1514184838B000B46D4B /* Frameworks */ = {
			isa = PBXFrameworksBuildPhase;
			buildActionMask = 2147483647;
			files = (
				5FBE1519184838B000B46D4B /* XCTest.framework in Frameworks */,
				5FBE151B184838B000B46D4B /* UIKit.framework in Frameworks */,
				5FBE151A184838B000B46D4B /* Foundation.framework in Frameworks */,
			);
			runOnlyForDeploymentPostprocessing = 0;
		};
/* End PBXFrameworksBuildPhase section */

/* Begin PBXGroup section */
		5FAFBAE018492E95001CBFCC /* Example View Controllers */ = {
			isa = PBXGroup;
			children = (
				5FBE150E184838B000B46D4B /* JMSampleViewController.h */,
				5FBE150F184838B000B46D4B /* JMSampleViewController.m */,
				5FBE15381849241200B46D4B /* JMTestViewController.h */,
				5FBE15391849241200B46D4B /* JMTestViewController.m */,
				5FAFBAE218492FAA001CBFCC /* JMExampleNavigationController.h */,
				5FAFBAE318492FAA001CBFCC /* JMExampleNavigationController.m */,
			);
			name = "Example View Controllers";
			sourceTree = "<group>";
		};
		5FAFBAE118492EA0001CBFCC /* Example API Client */ = {
			isa = PBXGroup;
			children = (
				5FAFBADD18492E8D001CBFCC /* JMAPIExample.h */,
				5FAFBADE18492E8D001CBFCC /* JMAPIExample.m */,
			);
			name = "Example API Client";
			sourceTree = "<group>";
		};
		5FAFBAE518494034001CBFCC /* images */ = {
			isa = PBXGroup;
			children = (
				5FAFBAE818494070001CBFCC /* cancel-icon.png */,
				5FAFBAE618494044001CBFCC /* retry-icon.png */,
			);
			name = images;
			sourceTree = "<group>";
		};
		5FBE14EA184838AE00B46D4B = {
			isa = PBXGroup;
			children = (
				5FBE152E184839AF00B46D4B /* JMUploadProgressNavigationController */,
				5FBE14FC184838AF00B46D4B /* JMUploadProgressNavigationControllerSample */,
				5FBE151E184838B000B46D4B /* JMUploadProgressNavigationControllerTests */,
				5FBE14F5184838AF00B46D4B /* Frameworks */,
				5FBE14F4184838AF00B46D4B /* Products */,
				A88522845B44436197E07E9A /* Pods.xcconfig */,
			);
			sourceTree = "<group>";
		};
		5FBE14F4184838AF00B46D4B /* Products */ = {
			isa = PBXGroup;
			children = (
				5FBE14F3184838AF00B46D4B /* JMUploadProgressNavigationController.app */,
				5FBE1517184838B000B46D4B /* JMUploadProgressNavigationControllerTests.xctest */,
			);
			name = Products;
			sourceTree = "<group>";
		};
		5FBE14F5184838AF00B46D4B /* Frameworks */ = {
			isa = PBXGroup;
			children = (
				5FBE14F6184838AF00B46D4B /* Foundation.framework */,
				5FBE14F8184838AF00B46D4B /* CoreGraphics.framework */,
				5FBE14FA184838AF00B46D4B /* UIKit.framework */,
				5FBE1518184838B000B46D4B /* XCTest.framework */,
				02205377F12347588B304FAA /* libPods.a */,
			);
			name = Frameworks;
			sourceTree = "<group>";
		};
		5FBE14FC184838AF00B46D4B /* JMUploadProgressNavigationControllerSample */ = {
			isa = PBXGroup;
			children = (
				5FBE1505184838AF00B46D4B /* PAppDelegate.h */,
				5FBE1506184838AF00B46D4B /* PAppDelegate.m */,
				5FBE1508184838B000B46D4B /* Main.storyboard */,
				5FAFBAE018492E95001CBFCC /* Example View Controllers */,
				5FAFBAE118492EA0001CBFCC /* Example API Client */,
				5FBE1511184838B000B46D4B /* Images.xcassets */,
				5FBE14FD184838AF00B46D4B /* Supporting Files */,
			);
			name = JMUploadProgressNavigationControllerSample;
			path = JMUploadProgressNavigationController;
			sourceTree = "<group>";
		};
		5FBE14FD184838AF00B46D4B /* Supporting Files */ = {
			isa = PBXGroup;
			children = (
				5FBE153618485E9D00B46D4B /* EQdfPqB.jpg */,
				5FBE14FE184838AF00B46D4B /* JMUploadProgressNavigationController-Info.plist */,
				5FBE14FF184838AF00B46D4B /* InfoPlist.strings */,
				5FBE1502184838AF00B46D4B /* main.m */,
				5FBE1504184838AF00B46D4B /* JMUploadProgressNavigationController-Prefix.pch */,
			);
			name = "Supporting Files";
			sourceTree = "<group>";
		};
		5FBE151E184838B000B46D4B /* JMUploadProgressNavigationControllerTests */ = {
			isa = PBXGroup;
			children = (
				5FBE1524184838B000B46D4B /* JMUploadProgressNavigationControllerTests.m */,
				5FBE151F184838B000B46D4B /* Supporting Files */,
			);
			path = JMUploadProgressNavigationControllerTests;
			sourceTree = "<group>";
		};
		5FBE151F184838B000B46D4B /* Supporting Files */ = {
			isa = PBXGroup;
			children = (
				5FBE1520184838B000B46D4B /* JMUploadProgressNavigationControllerTests-Info.plist */,
				5FBE1521184838B000B46D4B /* InfoPlist.strings */,
			);
			name = "Supporting Files";
			sourceTree = "<group>";
		};
		5FBE152E184839AF00B46D4B /* JMUploadProgressNavigationController */ = {
			isa = PBXGroup;
			children = (
				5FBE153218483B1600B46D4B /* Progress View */,
				5FBE152F184839F300B46D4B /* JMUploadProgressViewController.h */,
				5FBE1530184839F300B46D4B /* JMUploadProgressViewController.m */,
			);
			path = JMUploadProgressNavigationController;
			sourceTree = "<group>";
		};
		5FBE153218483B1600B46D4B /* Progress View */ = {
			isa = PBXGroup;
			children = (
				5FAFBAE518494034001CBFCC /* images */,
				5FBE153318483B2A00B46D4B /* JMProgressView.h */,
				5FBE153418483B2A00B46D4B /* JMProgressView.m */,
				5F48DAA8187F3C27003855A7 /* UIColor+Hex.h */,
				5F48DAA9187F3C27003855A7 /* UIColor+Hex.m */,
			);
			name = "Progress View";
			sourceTree = "<group>";
		};
/* End PBXGroup section */

/* Begin PBXNativeTarget section */
		5FBE14F2184838AF00B46D4B /* JMUploadProgressNavigationController */ = {
			isa = PBXNativeTarget;
			buildConfigurationList = 5FBE1528184838B100B46D4B /* Build configuration list for PBXNativeTarget "JMUploadProgressNavigationController" */;
			buildPhases = (
				5A07073D0BAE439780666FA2 /* Check Pods Manifest.lock */,
				5FBE14EF184838AF00B46D4B /* Sources */,
				5FBE14F0184838AF00B46D4B /* Frameworks */,
				5FBE14F1184838AF00B46D4B /* Resources */,
				5979E76B5F8A48B2B49D977D /* Copy Pods Resources */,
			);
			buildRules = (
			);
			dependencies = (
			);
			name = JMUploadProgressNavigationController;
			productName = JMUploadProgressNavigationController;
			productReference = 5FBE14F3184838AF00B46D4B /* JMUploadProgressNavigationController.app */;
			productType = "com.apple.product-type.application";
		};
		5FBE1516184838B000B46D4B /* JMUploadProgressNavigationControllerTests */ = {
			isa = PBXNativeTarget;
			buildConfigurationList = 5FBE152B184838B100B46D4B /* Build configuration list for PBXNativeTarget "JMUploadProgressNavigationControllerTests" */;
			buildPhases = (
				5FBE1513184838B000B46D4B /* Sources */,
				5FBE1514184838B000B46D4B /* Frameworks */,
				5FBE1515184838B000B46D4B /* Resources */,
			);
			buildRules = (
			);
			dependencies = (
				5FBE151D184838B000B46D4B /* PBXTargetDependency */,
			);
			name = JMUploadProgressNavigationControllerTests;
			productName = JMUploadProgressNavigationControllerTests;
			productReference = 5FBE1517184838B000B46D4B /* JMUploadProgressNavigationControllerTests.xctest */;
			productType = "com.apple.product-type.bundle.unit-test";
		};
/* End PBXNativeTarget section */

/* Begin PBXProject section */
		5FBE14EB184838AE00B46D4B /* Project object */ = {
			isa = PBXProject;
			attributes = {
				CLASSPREFIX = P;
				LastUpgradeCheck = 0500;
				ORGANIZATIONNAME = "Present, Inc.";
				TargetAttributes = {
					5FBE1516184838B000B46D4B = {
						TestTargetID = 5FBE14F2184838AF00B46D4B;
					};
				};
			};
			buildConfigurationList = 5FBE14EE184838AF00B46D4B /* Build configuration list for PBXProject "JMUploadProgressNavigationController" */;
			compatibilityVersion = "Xcode 3.2";
			developmentRegion = English;
			hasScannedForEncodings = 0;
			knownRegions = (
				en,
				Base,
			);
			mainGroup = 5FBE14EA184838AE00B46D4B;
			productRefGroup = 5FBE14F4184838AF00B46D4B /* Products */;
			projectDirPath = "";
			projectRoot = "";
			targets = (
				5FBE14F2184838AF00B46D4B /* JMUploadProgressNavigationController */,
				5FBE1516184838B000B46D4B /* JMUploadProgressNavigationControllerTests */,
			);
		};
/* End PBXProject section */

/* Begin PBXResourcesBuildPhase section */
		5FBE14F1184838AF00B46D4B /* Resources */ = {
			isa = PBXResourcesBuildPhase;
			buildActionMask = 2147483647;
			files = (
				5FAFBAE718494044001CBFCC /* retry-icon.png in Resources */,
				5FBE1512184838B000B46D4B /* Images.xcassets in Resources */,
				5FBE153718485E9D00B46D4B /* EQdfPqB.jpg in Resources */,
				5FBE1501184838AF00B46D4B /* InfoPlist.strings in Resources */,
				5FBE150A184838B000B46D4B /* Main.storyboard in Resources */,
				5FAFBAE918494070001CBFCC /* cancel-icon.png in Resources */,
			);
			runOnlyForDeploymentPostprocessing = 0;
		};
		5FBE1515184838B000B46D4B /* Resources */ = {
			isa = PBXResourcesBuildPhase;
			buildActionMask = 2147483647;
			files = (
				5FBE1523184838B000B46D4B /* InfoPlist.strings in Resources */,
			);
			runOnlyForDeploymentPostprocessing = 0;
		};
/* End PBXResourcesBuildPhase section */

/* Begin PBXShellScriptBuildPhase section */
		5979E76B5F8A48B2B49D977D /* Copy Pods Resources */ = {
			isa = PBXShellScriptBuildPhase;
			buildActionMask = 2147483647;
			files = (
			);
			inputPaths = (
			);
			name = "Copy Pods Resources";
			outputPaths = (
			);
			runOnlyForDeploymentPostprocessing = 0;
			shellPath = /bin/sh;
			shellScript = "\"${SRCROOT}/Pods/Pods-resources.sh\"\n";
			showEnvVarsInLog = 0;
		};
		5A07073D0BAE439780666FA2 /* Check Pods Manifest.lock */ = {
			isa = PBXShellScriptBuildPhase;
			buildActionMask = 2147483647;
			files = (
			);
			inputPaths = (
			);
			name = "Check Pods Manifest.lock";
			outputPaths = (
			);
			runOnlyForDeploymentPostprocessing = 0;
			shellPath = /bin/sh;
			shellScript = "diff \"${PODS_ROOT}/../Podfile.lock\" \"${PODS_ROOT}/Manifest.lock\" > /dev/null\nif [[ $? != 0 ]] ; then\n    cat << EOM\nerror: The sandbox is not in sync with the Podfile.lock. Run 'pod install' or update your CocoaPods installation.\nEOM\n    exit 1\nfi\n";
			showEnvVarsInLog = 0;
		};
/* End PBXShellScriptBuildPhase section */

/* Begin PBXSourcesBuildPhase section */
		5FBE14EF184838AF00B46D4B /* Sources */ = {
			isa = PBXSourcesBuildPhase;
			buildActionMask = 2147483647;
			files = (
				5FBE153518483B2A00B46D4B /* JMProgressView.m in Sources */,
				5FAFBAE418492FAA001CBFCC /* JMExampleNavigationController.m in Sources */,
				5FBE1510184838B000B46D4B /* JMSampleViewController.m in Sources */,
				5FAFBADF18492E8D001CBFCC /* JMAPIExample.m in Sources */,
				5F48DAAA187F3C27003855A7 /* UIColor+Hex.m in Sources */,
				5FBE1503184838AF00B46D4B /* main.m in Sources */,
				5FBE1531184839F300B46D4B /* JMUploadProgressViewController.m in Sources */,
				5FBE1507184838AF00B46D4B /* PAppDelegate.m in Sources */,
				5FBE153A1849241200B46D4B /* JMTestViewController.m in Sources */,
			);
			runOnlyForDeploymentPostprocessing = 0;
		};
		5FBE1513184838B000B46D4B /* Sources */ = {
			isa = PBXSourcesBuildPhase;
			buildActionMask = 2147483647;
			files = (
				5FBE1525184838B000B46D4B /* JMUploadProgressNavigationControllerTests.m in Sources */,
			);
			runOnlyForDeploymentPostprocessing = 0;
		};
/* End PBXSourcesBuildPhase section */

/* Begin PBXTargetDependency section */
		5FBE151D184838B000B46D4B /* PBXTargetDependency */ = {
			isa = PBXTargetDependency;
			target = 5FBE14F2184838AF00B46D4B /* JMUploadProgressNavigationController */;
			targetProxy = 5FBE151C184838B000B46D4B /* PBXContainerItemProxy */;
		};
/* End PBXTargetDependency section */

/* Begin PBXVariantGroup section */
		5FBE14FF184838AF00B46D4B /* InfoPlist.strings */ = {
			isa = PBXVariantGroup;
			children = (
				5FBE1500184838AF00B46D4B /* en */,
			);
			name = InfoPlist.strings;
			path = ../JMUploadProgressNavigationControllerExample;
			sourceTree = "<group>";
		};
		5FBE1508184838B000B46D4B /* Main.storyboard */ = {
			isa = PBXVariantGroup;
			children = (
				5FBE1509184838B000B46D4B /* Base */,
			);
			name = Main.storyboard;
			path = ../JMUploadProgressNavigationControllerExample;
			sourceTree = "<group>";
		};
		5FBE1521184838B000B46D4B /* InfoPlist.strings */ = {
			isa = PBXVariantGroup;
			children = (
				5FBE1522184838B000B46D4B /* en */,
			);
			name = InfoPlist.strings;
			sourceTree = "<group>";
		};
/* End PBXVariantGroup section */

/* Begin XCBuildConfiguration section */
		5FBE1526184838B000B46D4B /* Debug */ = {
			isa = XCBuildConfiguration;
			buildSettings = {
				ALWAYS_SEARCH_USER_PATHS = NO;
				ARCHS = "$(ARCHS_STANDARD_INCLUDING_64_BIT)";
				CLANG_CXX_LANGUAGE_STANDARD = "gnu++0x";
				CLANG_CXX_LIBRARY = "libc++";
				CLANG_ENABLE_MODULES = YES;
				CLANG_ENABLE_OBJC_ARC = YES;
				CLANG_WARN_BOOL_CONVERSION = YES;
				CLANG_WARN_CONSTANT_CONVERSION = YES;
				CLANG_WARN_DIRECT_OBJC_ISA_USAGE = YES_ERROR;
				CLANG_WARN_EMPTY_BODY = YES;
				CLANG_WARN_ENUM_CONVERSION = YES;
				CLANG_WARN_INT_CONVERSION = YES;
				CLANG_WARN_OBJC_ROOT_CLASS = YES_ERROR;
				CLANG_WARN__DUPLICATE_METHOD_MATCH = YES;
				"CODE_SIGN_IDENTITY[sdk=iphoneos*]" = "iPhone Developer";
				COPY_PHASE_STRIP = NO;
				GCC_C_LANGUAGE_STANDARD = gnu99;
				GCC_DYNAMIC_NO_PIC = NO;
				GCC_OPTIMIZATION_LEVEL = 0;
				GCC_PREPROCESSOR_DEFINITIONS = (
					"DEBUG=1",
					"$(inherited)",
				);
				GCC_SYMBOLS_PRIVATE_EXTERN = NO;
				GCC_WARN_64_TO_32_BIT_CONVERSION = YES;
				GCC_WARN_ABOUT_RETURN_TYPE = YES_ERROR;
				GCC_WARN_UNDECLARED_SELECTOR = YES;
				GCC_WARN_UNINITIALIZED_AUTOS = YES;
				GCC_WARN_UNUSED_FUNCTION = YES;
				GCC_WARN_UNUSED_VARIABLE = YES;
				IPHONEOS_DEPLOYMENT_TARGET = 7.0;
				ONLY_ACTIVE_ARCH = YES;
				SDKROOT = iphoneos;
			};
			name = Debug;
		};
		5FBE1527184838B000B46D4B /* Release */ = {
			isa = XCBuildConfiguration;
			buildSettings = {
				ALWAYS_SEARCH_USER_PATHS = NO;
				ARCHS = "$(ARCHS_STANDARD_INCLUDING_64_BIT)";
				CLANG_CXX_LANGUAGE_STANDARD = "gnu++0x";
				CLANG_CXX_LIBRARY = "libc++";
				CLANG_ENABLE_MODULES = YES;
				CLANG_ENABLE_OBJC_ARC = YES;
				CLANG_WARN_BOOL_CONVERSION = YES;
				CLANG_WARN_CONSTANT_CONVERSION = YES;
				CLANG_WARN_DIRECT_OBJC_ISA_USAGE = YES_ERROR;
				CLANG_WARN_EMPTY_BODY = YES;
				CLANG_WARN_ENUM_CONVERSION = YES;
				CLANG_WARN_INT_CONVERSION = YES;
				CLANG_WARN_OBJC_ROOT_CLASS = YES_ERROR;
				CLANG_WARN__DUPLICATE_METHOD_MATCH = YES;
				"CODE_SIGN_IDENTITY[sdk=iphoneos*]" = "iPhone Developer";
				COPY_PHASE_STRIP = YES;
				ENABLE_NS_ASSERTIONS = NO;
				GCC_C_LANGUAGE_STANDARD = gnu99;
				GCC_WARN_64_TO_32_BIT_CONVERSION = YES;
				GCC_WARN_ABOUT_RETURN_TYPE = YES_ERROR;
				GCC_WARN_UNDECLARED_SELECTOR = YES;
				GCC_WARN_UNINITIALIZED_AUTOS = YES;
				GCC_WARN_UNUSED_FUNCTION = YES;
				GCC_WARN_UNUSED_VARIABLE = YES;
				IPHONEOS_DEPLOYMENT_TARGET = 7.0;
				SDKROOT = iphoneos;
				VALIDATE_PRODUCT = YES;
			};
			name = Release;
		};
		5FBE1529184838B100B46D4B /* Debug */ = {
			isa = XCBuildConfiguration;
			baseConfigurationReference = A88522845B44436197E07E9A /* Pods.xcconfig */;
			buildSettings = {
				ASSETCATALOG_COMPILER_APPICON_NAME = AppIcon;
				ASSETCATALOG_COMPILER_LAUNCHIMAGE_NAME = LaunchImage;
				CODE_SIGN_IDENTITY = "iPhone Developer: Justin Makaila (W9Z7HDDAGM)";
				GCC_PRECOMPILE_PREFIX_HEADER = YES;
				GCC_PREFIX_HEADER = "JMUploadProgressNavigationControllerExample/JMUploadProgressNavigationController-Prefix.pch";
				HEADER_SEARCH_PATHS = "";
				INFOPLIST_FILE = "JMUploadProgressNavigationControllerExample/JMUploadProgressNavigationController-Info.plist";
				PRODUCT_NAME = "$(TARGET_NAME)";
				WRAPPER_EXTENSION = app;
			};
			name = Debug;
		};
		5FBE152A184838B100B46D4B /* Release */ = {
			isa = XCBuildConfiguration;
			baseConfigurationReference = A88522845B44436197E07E9A /* Pods.xcconfig */;
			buildSettings = {
				ASSETCATALOG_COMPILER_APPICON_NAME = AppIcon;
				ASSETCATALOG_COMPILER_LAUNCHIMAGE_NAME = LaunchImage;
				CODE_SIGN_IDENTITY = "iPhone Developer: Justin Makaila (W9Z7HDDAGM)";
				GCC_PRECOMPILE_PREFIX_HEADER = YES;
				GCC_PREFIX_HEADER = "JMUploadProgressNavigationControllerExample/JMUploadProgressNavigationController-Prefix.pch";
				HEADER_SEARCH_PATHS = "";
				INFOPLIST_FILE = "JMUploadProgressNavigationControllerExample/JMUploadProgressNavigationController-Info.plist";
				PRODUCT_NAME = "$(TARGET_NAME)";
				WRAPPER_EXTENSION = app;
			};
			name = Release;
		};
		5FBE152C184838B100B46D4B /* Debug */ = {
			isa = XCBuildConfiguration;
			buildSettings = {
				ARCHS = "$(ARCHS_STANDARD_INCLUDING_64_BIT)";
				BUNDLE_LOADER = "$(BUILT_PRODUCTS_DIR)/JMUploadProgressNavigationController.app/JMUploadProgressNavigationController";
				FRAMEWORK_SEARCH_PATHS = (
					"$(SDKROOT)/Developer/Library/Frameworks",
					"$(inherited)",
					"$(DEVELOPER_FRAMEWORKS_DIR)",
				);
				GCC_PRECOMPILE_PREFIX_HEADER = YES;
				GCC_PREFIX_HEADER = "JMUploadProgressNavigationController/JMUploadProgressNavigationController-Prefix.pch";
				GCC_PREPROCESSOR_DEFINITIONS = (
					"DEBUG=1",
					"$(inherited)",
				);
				INFOPLIST_FILE = "JMUploadProgressNavigationControllerTests/JMUploadProgressNavigationControllerTests-Info.plist";
				PRODUCT_NAME = "$(TARGET_NAME)";
				TEST_HOST = "$(BUNDLE_LOADER)";
				WRAPPER_EXTENSION = xctest;
			};
			name = Debug;
		};
		5FBE152D184838B100B46D4B /* Release */ = {
			isa = XCBuildConfiguration;
			buildSettings = {
				ARCHS = "$(ARCHS_STANDARD_INCLUDING_64_BIT)";
				BUNDLE_LOADER = "$(BUILT_PRODUCTS_DIR)/JMUploadProgressNavigationController.app/JMUploadProgressNavigationController";
				FRAMEWORK_SEARCH_PATHS = (
					"$(SDKROOT)/Developer/Library/Frameworks",
					"$(inherited)",
					"$(DEVELOPER_FRAMEWORKS_DIR)",
				);
				GCC_PRECOMPILE_PREFIX_HEADER = YES;
				GCC_PREFIX_HEADER = "JMUploadProgressNavigationController/JMUploadProgressNavigationController-Prefix.pch";
				INFOPLIST_FILE = "JMUploadProgressNavigationControllerTests/JMUploadProgressNavigationControllerTests-Info.plist";
				PRODUCT_NAME = "$(TARGET_NAME)";
				TEST_HOST = "$(BUNDLE_LOADER)";
				WRAPPER_EXTENSION = xctest;
			};
			name = Release;
		};
/* End XCBuildConfiguration section */

/* Begin XCConfigurationList section */
		5FBE14EE184838AF00B46D4B /* Build configuration list for PBXProject "JMUploadProgressNavigationController" */ = {
			isa = XCConfigurationList;
			buildConfigurations = (
				5FBE1526184838B000B46D4B /* Debug */,
				5FBE1527184838B000B46D4B /* Release */,
			);
			defaultConfigurationIsVisible = 0;
			defaultConfigurationName = Release;
		};
		5FBE1528184838B100B46D4B /* Build configuration list for PBXNativeTarget "JMUploadProgressNavigationController" */ = {
			isa = XCConfigurationList;
			buildConfigurations = (
				5FBE1529184838B100B46D4B /* Debug */,
				5FBE152A184838B100B46D4B /* Release */,
			);
			defaultConfigurationIsVisible = 0;
			defaultConfigurationName = Release;
		};
		5FBE152B184838B100B46D4B /* Build configuration list for PBXNativeTarget "JMUploadProgressNavigationControllerTests" */ = {
			isa = XCConfigurationList;
			buildConfigurations = (
				5FBE152C184838B100B46D4B /* Debug */,
				5FBE152D184838B100B46D4B /* Release */,
			);
			defaultConfigurationIsVisible = 0;
			defaultConfigurationName = Release;
		};
/* End XCConfigurationList section */
	};
	rootObject = 5FBE14EB184838AE00B46D4B /* Project object */;
}
